
Microsoft Visual Studio Solution File, Format Version 12.00
# Visual Studio Version 17
VisualStudioVersion = 17.14.36811.4 d17.14
MinimumVisualStudioVersion = 10.0.40219.1
Project("{FAE04EC0-301F-11D3-BF4B-00C04F79EFBC}") = "CALCULATION", "CALCULATION.csproj", "{0C49A367-6DED-426F-B2A3-AA3836F82ACA}"
EndProject
Global
	GlobalSection(SolutionConfigurationPlatforms) = preSolution
		Debug|Any CPU = Debug|Any CPU
		Release|Any CPU = Release|Any CPU
	EndGlobalSection
	GlobalSection(ProjectConfigurationPlatforms) = postSolution
		{0C49A367-6DED-426F-B2A3-AA3836F82ACA}.Debug|Any CPU.ActiveCfg = Debug|Any CPU
		{0C49A367-6DED-426F-B2A3-AA3836F82ACA}.Debug|Any CPU.Build.0 = Debug|Any CPU
		{0C49A367-6DED-426F-B2A3-AA3836F82ACA}.Release|Any CPU.ActiveCfg = Release|Any CPU
		{0C49A367-6DED-426F-B2A3-AA3836F82ACA}.Release|Any CPU.Build.0 = Release|Any CPU
	EndGlobalSection
	GlobalSection(SolutionProperties) = preSolution
		HideSolutionNode = FALSE
	EndGlobalSection
	GlobalSection(ExtensibilityGlobals) = postSolution
		SolutionGuid = {61464B3B-D412-41B8-8FAE-D2AFAF5DE60E}
	EndGlobalSection
EndGlobal
